
Microsoft Visual Studio Solution File, Format Version 12.00
# Visual Studio Version 17
VisualStudioVersion = 17.6.33723.286
MinimumVisualStudioVersion = 10.0.40219.1
Project("{FAE04EC0-301F-11D3-BF4B-00C04F79EFBC}") = "FileWatcher", "FileWatcher\FileWatcher.csproj", "{DCF8E4E8-4986-490E-9DEC-289996C1CDFA}"
EndProject
Global
	GlobalSection(SolutionConfigurationPlatforms) = preSolution
		Debug|Any CPU = Debug|Any CPU
		Release|Any CPU = Release|Any CPU
	EndGlobalSection
	GlobalSection(ProjectConfigurationPlatforms) = postSolution
		{DCF8E4E8-4986-490E-9DEC-289996C1CDFA}.Debug|Any CPU.ActiveCfg = Debug|Any CPU
		{DCF8E4E8-4986-490E-9DEC-289996C1CDFA}.Debug|Any CPU.Build.0 = Debug|Any CPU
		{DCF8E4E8-4986-490E-9DEC-289996C1CDFA}.Release|Any CPU.ActiveCfg = Release|Any CPU
		{DCF8E4E8-4986-490E-9DEC-289996C1CDFA}.Release|Any CPU.Build.0 = Release|Any CPU
	EndGlobalSection
	GlobalSection(SolutionProperties) = preSolution
		HideSolutionNode = FALSE
	EndGlobalSection
	GlobalSection(ExtensibilityGlobals) = postSolution
		SolutionGuid = {5D85986D-0C34-45DD-ADD4-C2CB21846A5F}
	EndGlobalSection
EndGlobal
